<?xml version="1.0" encoding="utf-8"?>
<Project ToolsVersion="4.0" xmlns="http://schemas.microsoft.com/developer/msbuild/2003">
  <ItemGroup>
    <Filter Include="Fichiers sources">
      <UniqueIdentifier>{4FC737F1-C7A5-4376-A066-2A32D752A2FF}</UniqueIdentifier>
      <Extensions>cpp;c;cc;cxx;def;odl;idl;hpj;bat;asm;asmx</Extensions>
    </Filter>
    <Filter Include="Fichiers d%27en-tête">
      <UniqueIdentifier>{93995380-89BD-4b04-88EB-625FBE52EBFB}</UniqueIdentifier>
      <Extensions>h;hh;hpp;hxx;hm;inl;inc;xsd</Extensions>
    </Filter>
    <Filter Include="Fichiers de ressources">
      <UniqueIdentifier>{67DA6AB6-F800-4c08-8B7A-83BB121AAD01}</UniqueIdentifier>
      <Extensions>rc;ico;cur;bmp;dlg;rc2;rct;bin;rgs;gif;jpg;jpeg;jpe;resx;tiff;tif;png;wav;mfcribbon-ms</Extensions>
    </Filter>
    <Filter Include="Fake">
      <UniqueIdentifier>{13dce61b-3cd9-4cf2-be28-25985e69d006}</UniqueIdentifier>
    </Filter>
    <Filter Include="ShapeTests">
      <UniqueIdentifier>{cfe45983-dc83-4aa2-9e8e-879011178820}</UniqueIdentifier>
    </Filter>
    <Filter Include="AnimationRenderTests">
      <UniqueIdentifier>{ffb80928-4685-4311-97a9-3f5fe0ef7e49}</UniqueIdentifier>
    </Filter>
    <Filter Include="ShapeFactoryTests">
      <UniqueIdentifier>{718d8758-832b-4181-b955-f1922dfeb460}</UniqueIdentifier>
    </Filter>
  </ItemGroup>
  <ItemGroup>
    <ClInclude Include="stdafx.h">
      <Filter>Fichiers d%27en-tête</Filter>
    </ClInclude>
    <ClInclude Include="targetver.h">
      <Filter>Fichiers d%27en-tête</Filter>
    </ClInclude>
    <ClInclude Include="FakeWindowAPI.h">
      <Filter>Fake</Filter>
    </ClInclude>
  </ItemGroup>
  <ItemGroup>
    <ClCompile Include="stdafx.cpp">
      <Filter>Fichiers sources</Filter>
    </ClCompile>
    <ClCompile Include="FakeWindowAPI.cpp">
      <Filter>Fake</Filter>
    </ClCompile>
    <ClCompile Include="CircleTests.cpp">
      <Filter>ShapeTests</Filter>
    </ClCompile>
    <ClCompile Include="ClosedPolyLineTests.cpp">
      <Filter>ShapeTests</Filter>
    </ClCompile>
    <ClCompile Include="OpenPolyLineTests.cpp">
      <Filter>ShapeTests</Filter>
    </ClCompile>
    <ClCompile Include="PointsTests.cpp">
      <Filter>ShapeTests</Filter>
    </ClCompile>
    <ClCompile Include="RectangleTests.cpp">
      <Filter>ShapeTests</Filter>
    </ClCompile>
    <ClCompile Include="ShapeTests.cpp">
      <Filter>ShapeTests</Filter>
    </ClCompile>
    <ClCompile Include="WindowRenderTests.cpp">
      <Filter>AnimationRenderTests</Filter>
    </ClCompile>
    <ClCompile Include="PolygonTests.cpp">
      <Filter>ShapeTests</Filter>
    </ClCompile>
    <ClCompile Include="ShapeFactoryTests.cpp">
      <Filter>ShapeFactoryTests</Filter>
    </ClCompile>
  </ItemGroup>
</Project>